
Microsoft Visual Studio Solution File, Format Version 12.00
# Visual Studio Version 16
VisualStudioVersion = 16.0.30114.105
MinimumVisualStudioVersion = 10.0.40219.1
Project("{FAE04EC0-301F-11D3-BF4B-00C04F79EFBC}") = "RoR2TwitchControl", "RoR2TwitchControl\RoR2TwitchControl.csproj", "{8DFE8AE5-E551-4BBB-9035-D59FBEC4786B}"
EndProject
Global
	GlobalSection(SolutionConfigurationPlatforms) = preSolution
		Debug|Any CPU = Debug|Any CPU
		Release|Any CPU = Release|Any CPU
	EndGlobalSection
	GlobalSection(ProjectConfigurationPlatforms) = postSolution
		{8DFE8AE5-E551-4BBB-9035-D59FBEC4786B}.Debug|Any CPU.ActiveCfg = Debug|Any CPU
		{8DFE8AE5-E551-4BBB-9035-D59FBEC4786B}.Debug|Any CPU.Build.0 = Debug|Any CPU
		{8DFE8AE5-E551-4BBB-9035-D59FBEC4786B}.Release|Any CPU.ActiveCfg = Release|Any CPU
		{8DFE8AE5-E551-4BBB-9035-D59FBEC4786B}.Release|Any CPU.Build.0 = Release|Any CPU
	EndGlobalSection
	GlobalSection(SolutionProperties) = preSolution
		HideSolutionNode = FALSE
	EndGlobalSection
	GlobalSection(ExtensibilityGlobals) = postSolution
		SolutionGuid = {8D58BF32-894C-4BBF-B841-818E7C5CBC20}
	EndGlobalSection
EndGlobal
